
Microsoft Visual Studio Solution File, Format Version 12.00
# Visual Studio Version 17
VisualStudioVersion = 17.3.32929.385
MinimumVisualStudioVersion = 10.0.40219.1
Project("{FAE04EC0-301F-11D3-BF4B-00C04F79EFBC}") = "Libery", "Libery.csproj", "{2BBD0A43-13FC-4269-9201-0DAA2015A7D5}"
EndProject
Global
	GlobalSection(SolutionConfigurationPlatforms) = preSolution
		Debug|Any CPU = Debug|Any CPU
		Release|Any CPU = Release|Any CPU
	EndGlobalSection
	GlobalSection(ProjectConfigurationPlatforms) = postSolution
		{2BBD0A43-13FC-4269-9201-0DAA2015A7D5}.Debug|Any CPU.ActiveCfg = Debug|Any CPU
		{2BBD0A43-13FC-4269-9201-0DAA2015A7D5}.Debug|Any CPU.Build.0 = Debug|Any CPU
		{2BBD0A43-13FC-4269-9201-0DAA2015A7D5}.Release|Any CPU.ActiveCfg = Release|Any CPU
		{2BBD0A43-13FC-4269-9201-0DAA2015A7D5}.Release|Any CPU.Build.0 = Release|Any CPU
	EndGlobalSection
	GlobalSection(SolutionProperties) = preSolution
		HideSolutionNode = FALSE
	EndGlobalSection
	GlobalSection(ExtensibilityGlobals) = postSolution
		SolutionGuid = {717DB016-9706-46EA-AA39-CC92D5F076F7}
	EndGlobalSection
EndGlobal
